
Microsoft Visual Studio Solution File, Format Version 12.00
# Visual Studio Version 17
VisualStudioVersion = 17.2.32314.265
MinimumVisualStudioVersion = 10.0.40219.1
Project("{FAE04EC0-301F-11D3-BF4B-00C04F79EFBC}") = "race-01", "race-01\race-01.csproj", "{887F8B19-52D0-41A3-93D6-639F7E3EBDD7}"
EndProject
Project("{FAE04EC0-301F-11D3-BF4B-00C04F79EFBC}") = "race-02", "race-02\race-02.csproj", "{4CC1B564-C026-4290-B670-744BE9D2C90B}"
EndProject
Global
	GlobalSection(SolutionConfigurationPlatforms) = preSolution
		Debug|Any CPU = Debug|Any CPU
		Release|Any CPU = Release|Any CPU
	EndGlobalSection
	GlobalSection(ProjectConfigurationPlatforms) = postSolution
		{887F8B19-52D0-41A3-93D6-639F7E3EBDD7}.Debug|Any CPU.ActiveCfg = Debug|Any CPU
		{887F8B19-52D0-41A3-93D6-639F7E3EBDD7}.Debug|Any CPU.Build.0 = Debug|Any CPU
		{887F8B19-52D0-41A3-93D6-639F7E3EBDD7}.Release|Any CPU.ActiveCfg = Release|Any CPU
		{887F8B19-52D0-41A3-93D6-639F7E3EBDD7}.Release|Any CPU.Build.0 = Release|Any CPU
		{4CC1B564-C026-4290-B670-744BE9D2C90B}.Debug|Any CPU.ActiveCfg = Debug|Any CPU
		{4CC1B564-C026-4290-B670-744BE9D2C90B}.Debug|Any CPU.Build.0 = Debug|Any CPU
		{4CC1B564-C026-4290-B670-744BE9D2C90B}.Release|Any CPU.ActiveCfg = Release|Any CPU
		{4CC1B564-C026-4290-B670-744BE9D2C90B}.Release|Any CPU.Build.0 = Release|Any CPU
	EndGlobalSection
	GlobalSection(SolutionProperties) = preSolution
		HideSolutionNode = FALSE
	EndGlobalSection
	GlobalSection(ExtensibilityGlobals) = postSolution
		SolutionGuid = {3677BA49-8138-4E53-821E-DE4A81385F1C}
	EndGlobalSection
EndGlobal
